{
  "nodes": {
    "home-manager": {
      "inputs": {
        "nixpkgs": [
          "nixpkgs"
        ]
      },
      "locked": {
        "lastModified": 1720734513,
        "narHash": "sha256-neWQ8eNtLTd+YMesb7WjKl1SVCbDyCm46LUgP/g/hdo=",
        "owner": "nix-community",
        "repo": "home-manager",
        "rev": "90ae324e2c56af10f20549ab72014804a3064c7f",
        "type": "github"
      },
      "original": {
        "owner": "nix-community",
        "ref": "master",
        "repo": "home-manager",
        "type": "github"
      }
    },
    "master": {
      "locked": {
        "lastModified": 1713766410,
        "narHash": "sha256-fsBet/tJ0bzNozs/G8LCI6IkVD+3CQUZlC5X2FGICsE=",
        "owner": "akr2002",
        "repo": "nixpkgs",
        "rev": "3d15294e9f157102b546a2cbd258eddacbfc5ea2",
        "type": "github"
      },
      "original": {
        "owner": "akr2002",
        "ref": "master",
        "repo": "nixpkgs",
        "type": "github"
      }
    },
    "nixpkgs": {
      "locked": {
        "lastModified": 1720768451,
        "narHash": "sha256-EYekUHJE2gxeo2pM/zM9Wlqw1Uw2XTJXOSAO79ksc4Y=",
        "owner": "NixOS",
        "repo": "nixpkgs",
        "rev": "7e7c39ea35c5cdd002cd4588b03a3fb9ece6fad9",
        "type": "github"
      },
      "original": {
        "owner": "NixOS",
        "ref": "nixos-unstable",
        "repo": "nixpkgs",
        "type": "github"
      }
    },
    "nyaa": {
      "inputs": {
        "nixpkgs": [
          "nixpkgs"
        ]
      },
      "locked": {
        "lastModified": 1711806425,
        "narHash": "sha256-ZEcFKE1QMvhNZUT/x2ymhw1aGh22LfaYnDaihgeNRhw=",
        "owner": "akr2002",
        "repo": "nyaa",
        "rev": "4fb0f5b06339d25966d8d48a70de7410e3e91021",
        "type": "github"
      },
      "original": {
        "owner": "akr2002",
        "repo": "nyaa",
        "type": "github"
      }
    },
    "root": {
      "inputs": {
        "home-manager": "home-manager",
        "master": "master",
        "nixpkgs": "nixpkgs",
        "nyaa": "nyaa"
      }
    }
  },
  "root": "root",
  "version": 7
}
